// !$*UTF8*$!
{
	archiveVersion = 1;
	classes = {
	};
	objectVersion = 56;
	objects = {

/* Begin PBXBuildFile section */
		240385A52AC6A09600DB2D71 /* NameImageModel.swift in Sources */ = {isa = PBXBuildFile; fileRef = 240385A42AC6A09600DB2D71 /* NameImageModel.swift */; };
		240385AA2AC6EFDD00DB2D71 /* CockteilTableViewCell.swift in Sources */ = {isa = PBXBuildFile; fileRef = 240385A82AC6EFDD00DB2D71 /* CockteilTableViewCell.swift */; };
		240385AB2AC6EFDD00DB2D71 /* CockteilTableViewCell.xib in Resources */ = {isa = PBXBuildFile; fileRef = 240385A92AC6EFDD00DB2D71 /* CockteilTableViewCell.xib */; };
		24284B372AC56CE5007FB6F0 /* AppDelegate.swift in Sources */ = {isa = PBXBuildFile; fileRef = 24284B362AC56CE5007FB6F0 /* AppDelegate.swift */; };
		24284B402AC56CE9007FB6F0 /* Assets.xcassets in Resources */ = {isa = PBXBuildFile; fileRef = 24284B3F2AC56CE9007FB6F0 /* Assets.xcassets */; };
		24284B432AC56CE9007FB6F0 /* LaunchScreen.storyboard in Resources */ = {isa = PBXBuildFile; fileRef = 24284B412AC56CE9007FB6F0 /* LaunchScreen.storyboard */; };
		24284B4B2AC56D7E007FB6F0 /* MainRouter.swift in Sources */ = {isa = PBXBuildFile; fileRef = 24284B4A2AC56D7E007FB6F0 /* MainRouter.swift */; };
		24284B542AC580AC007FB6F0 /* MenuViewController.swift in Sources */ = {isa = PBXBuildFile; fileRef = 24284B522AC580AC007FB6F0 /* MenuViewController.swift */; };
		24284B552AC580AC007FB6F0 /* MenuViewController.xib in Resources */ = {isa = PBXBuildFile; fileRef = 24284B532AC580AC007FB6F0 /* MenuViewController.xib */; };
		24284B592AC585EF007FB6F0 /* RacingSansOner.ttf in Resources */ = {isa = PBXBuildFile; fileRef = 24284B582AC585EF007FB6F0 /* RacingSansOner.ttf */; };
		24284B602AC58BD7007FB6F0 /* CocktailsViewController.swift in Sources */ = {isa = PBXBuildFile; fileRef = 24284B5E2AC58BD7007FB6F0 /* CocktailsViewController.swift */; };
		24284B612AC58BD7007FB6F0 /* CocktailsViewController.xib in Resources */ = {isa = PBXBuildFile; fileRef = 24284B5F2AC58BD7007FB6F0 /* CocktailsViewController.xib */; };
		24284B632AC59B67007FB6F0 /* MainScreenViewController.swift in Sources */ = {isa = PBXBuildFile; fileRef = 24284B622AC59B67007FB6F0 /* MainScreenViewController.swift */; };
		24284B682AC59B9D007FB6F0 /* DSTabBar.swift in Sources */ = {isa = PBXBuildFile; fileRef = 24284B662AC59B9D007FB6F0 /* DSTabBar.swift */; };
		24284B692AC59B9D007FB6F0 /* DSTabBarItem.swift in Sources */ = {isa = PBXBuildFile; fileRef = 24284B672AC59B9D007FB6F0 /* DSTabBarItem.swift */; };
		24284B6B2AC59BAE007FB6F0 /* DesignSystem.swift in Sources */ = {isa = PBXBuildFile; fileRef = 24284B6A2AC59BAE007FB6F0 /* DesignSystem.swift */; };
		24284B6D2AC5A4A0007FB6F0 /* UIView+UIHelpers.swift in Sources */ = {isa = PBXBuildFile; fileRef = 24284B6C2AC5A4A0007FB6F0 /* UIView+UIHelpers.swift */; };
		2469D61D2ACBE2C8004D56F2 /* MyReservationViewController.swift in Sources */ = {isa = PBXBuildFile; fileRef = 2469D61B2ACBE2C8004D56F2 /* MyReservationViewController.swift */; };
		2469D61E2ACBE2C8004D56F2 /* MyReservationViewController.xib in Resources */ = {isa = PBXBuildFile; fileRef = 2469D61C2ACBE2C8004D56F2 /* MyReservationViewController.xib */; };
		2469D6222ACC1E8C004D56F2 /* Place.swift in Sources */ = {isa = PBXBuildFile; fileRef = 2469D6212ACC1E8C004D56F2 /* Place.swift */; };
		2469D6242ACC5A14004D56F2 /* CockteilList.swift in Sources */ = {isa = PBXBuildFile; fileRef = 2469D6232ACC5A14004D56F2 /* CockteilList.swift */; };
		248BD5E62ACAAA4E00C51438 /* CockteilsModel.swift in Sources */ = {isa = PBXBuildFile; fileRef = 248BD5E52ACAAA4E00C51438 /* CockteilsModel.swift */; };
		24B8253C2AC71C8400BBCC98 /* FavoriteViewController.swift in Sources */ = {isa = PBXBuildFile; fileRef = 24B8253B2AC71C8400BBCC98 /* FavoriteViewController.swift */; };
		24B8253E2AC71DE400BBCC98 /* BasketViewController.swift in Sources */ = {isa = PBXBuildFile; fileRef = 24B8253D2AC71DE400BBCC98 /* BasketViewController.swift */; };
		24B825412AC71E1E00BBCC98 /* ReservationViewController.swift in Sources */ = {isa = PBXBuildFile; fileRef = 24B8253F2AC71E1E00BBCC98 /* ReservationViewController.swift */; };
		24B825422AC71E1E00BBCC98 /* ReservationViewController.xib in Resources */ = {isa = PBXBuildFile; fileRef = 24B825402AC71E1E00BBCC98 /* ReservationViewController.xib */; };
		24B825452AC71E3600BBCC98 /* MapViewController.swift in Sources */ = {isa = PBXBuildFile; fileRef = 24B825432AC71E3600BBCC98 /* MapViewController.swift */; };
		24B825462AC71E3600BBCC98 /* MapViewController.xib in Resources */ = {isa = PBXBuildFile; fileRef = 24B825442AC71E3600BBCC98 /* MapViewController.xib */; };
		24B825582AC7286C00BBCC98 /* QrViewController.swift in Sources */ = {isa = PBXBuildFile; fileRef = 24B825562AC7286C00BBCC98 /* QrViewController.swift */; };
		24B825592AC7286C00BBCC98 /* QrViewController.xib in Resources */ = {isa = PBXBuildFile; fileRef = 24B825572AC7286C00BBCC98 /* QrViewController.xib */; };
/* End PBXBuildFile section */

/* Begin PBXFileReference section */
		240385A42AC6A09600DB2D71 /* NameImageModel.swift */ = {isa = PBXFileReference; lastKnownFileType = sourcecode.swift; path = NameImageModel.swift; sourceTree = "<group>"; };
		240385A82AC6EFDD00DB2D71 /* CockteilTableViewCell.swift */ = {isa = PBXFileReference; lastKnownFileType = sourcecode.swift; path = CockteilTableViewCell.swift; sourceTree = "<group>"; };
		240385A92AC6EFDD00DB2D71 /* CockteilTableViewCell.xib */ = {isa = PBXFileReference; lastKnownFileType = file.xib; path = CockteilTableViewCell.xib; sourceTree = "<group>"; };
		24284B332AC56CE5007FB6F0 /* PLINCAFE.app */ = {isa = PBXFileReference; explicitFileType = wrapper.application; includeInIndex = 0; path = PLINCAFE.app; sourceTree = BUILT_PRODUCTS_DIR; };
		24284B362AC56CE5007FB6F0 /* AppDelegate.swift */ = {isa = PBXFileReference; lastKnownFileType = sourcecode.swift; path = AppDelegate.swift; sourceTree = "<group>"; };
		24284B3F2AC56CE9007FB6F0 /* Assets.xcassets */ = {isa = PBXFileReference; lastKnownFileType = folder.assetcatalog; path = Assets.xcassets; sourceTree = "<group>"; };
		24284B422AC56CE9007FB6F0 /* Base */ = {isa = PBXFileReference; lastKnownFileType = file.storyboard; name = Base; path = Base.lproj/LaunchScreen.storyboard; sourceTree = "<group>"; };
		24284B442AC56CE9007FB6F0 /* Info.plist */ = {isa = PBXFileReference; lastKnownFileType = text.plist.xml; path = Info.plist; sourceTree = "<group>"; };
		24284B4A2AC56D7E007FB6F0 /* MainRouter.swift */ = {isa = PBXFileReference; fileEncoding = 4; lastKnownFileType = sourcecode.swift; path = MainRouter.swift; sourceTree = "<group>"; };
		24284B522AC580AC007FB6F0 /* MenuViewController.swift */ = {isa = PBXFileReference; lastKnownFileType = sourcecode.swift; path = MenuViewController.swift; sourceTree = "<group>"; };
		24284B532AC580AC007FB6F0 /* MenuViewController.xib */ = {isa = PBXFileReference; lastKnownFileType = file.xib; path = MenuViewController.xib; sourceTree = "<group>"; };
		24284B582AC585EF007FB6F0 /* RacingSansOner.ttf */ = {isa = PBXFileReference; lastKnownFileType = file; path = RacingSansOner.ttf; sourceTree = "<group>"; };
		24284B5E2AC58BD7007FB6F0 /* CocktailsViewController.swift */ = {isa = PBXFileReference; lastKnownFileType = sourcecode.swift; path = CocktailsViewController.swift; sourceTree = "<group>"; };
		24284B5F2AC58BD7007FB6F0 /* CocktailsViewController.xib */ = {isa = PBXFileReference; lastKnownFileType = file.xib; path = CocktailsViewController.xib; sourceTree = "<group>"; };
		24284B622AC59B67007FB6F0 /* MainScreenViewController.swift */ = {isa = PBXFileReference; fileEncoding = 4; lastKnownFileType = sourcecode.swift; path = MainScreenViewController.swift; sourceTree = "<group>"; };
		24284B662AC59B9D007FB6F0 /* DSTabBar.swift */ = {isa = PBXFileReference; fileEncoding = 4; lastKnownFileType = sourcecode.swift; path = DSTabBar.swift; sourceTree = "<group>"; };
		24284B672AC59B9D007FB6F0 /* DSTabBarItem.swift */ = {isa = PBXFileReference; fileEncoding = 4; lastKnownFileType = sourcecode.swift; path = DSTabBarItem.swift; sourceTree = "<group>"; };
		24284B6A2AC59BAE007FB6F0 /* DesignSystem.swift */ = {isa = PBXFileReference; fileEncoding = 4; lastKnownFileType = sourcecode.swift; path = DesignSystem.swift; sourceTree = "<group>"; };
		24284B6C2AC5A4A0007FB6F0 /* UIView+UIHelpers.swift */ = {isa = PBXFileReference; fileEncoding = 4; lastKnownFileType = sourcecode.swift; path = "UIView+UIHelpers.swift"; sourceTree = "<group>"; };
		2469D61B2ACBE2C8004D56F2 /* MyReservationViewController.swift */ = {isa = PBXFileReference; lastKnownFileType = sourcecode.swift; path = MyReservationViewController.swift; sourceTree = "<group>"; };
		2469D61C2ACBE2C8004D56F2 /* MyReservationViewController.xib */ = {isa = PBXFileReference; lastKnownFileType = file.xib; path = MyReservationViewController.xib; sourceTree = "<group>"; };
		2469D6212ACC1E8C004D56F2 /* Place.swift */ = {isa = PBXFileReference; lastKnownFileType = sourcecode.swift; path = Place.swift; sourceTree = "<group>"; };
		2469D6232ACC5A14004D56F2 /* CockteilList.swift */ = {isa = PBXFileReference; lastKnownFileType = sourcecode.swift; path = CockteilList.swift; sourceTree = "<group>"; };
		248BD5E52ACAAA4E00C51438 /* CockteilsModel.swift */ = {isa = PBXFileReference; lastKnownFileType = sourcecode.swift; path = CockteilsModel.swift; sourceTree = "<group>"; };
		24B8253B2AC71C8400BBCC98 /* FavoriteViewController.swift */ = {isa = PBXFileReference; lastKnownFileType = sourcecode.swift; path = FavoriteViewController.swift; sourceTree = "<group>"; };
		24B8253D2AC71DE400BBCC98 /* BasketViewController.swift */ = {isa = PBXFileReference; lastKnownFileType = sourcecode.swift; path = BasketViewController.swift; sourceTree = "<group>"; };
		24B8253F2AC71E1E00BBCC98 /* ReservationViewController.swift */ = {isa = PBXFileReference; lastKnownFileType = sourcecode.swift; path = ReservationViewController.swift; sourceTree = "<group>"; };
		24B825402AC71E1E00BBCC98 /* ReservationViewController.xib */ = {isa = PBXFileReference; lastKnownFileType = file.xib; path = ReservationViewController.xib; sourceTree = "<group>"; };
		24B825432AC71E3600BBCC98 /* MapViewController.swift */ = {isa = PBXFileReference; lastKnownFileType = sourcecode.swift; path = MapViewController.swift; sourceTree = "<group>"; };
		24B825442AC71E3600BBCC98 /* MapViewController.xib */ = {isa = PBXFileReference; lastKnownFileType = file.xib; path = MapViewController.xib; sourceTree = "<group>"; };
		24B825562AC7286C00BBCC98 /* QrViewController.swift */ = {isa = PBXFileReference; lastKnownFileType = sourcecode.swift; path = QrViewController.swift; sourceTree = "<group>"; };
		24B825572AC7286C00BBCC98 /* QrViewController.xib */ = {isa = PBXFileReference; lastKnownFileType = file.xib; path = QrViewController.xib; sourceTree = "<group>"; };
/* End PBXFileReference section */

/* Begin PBXFrameworksBuildPhase section */
		24284B302AC56CE5007FB6F0 /* Frameworks */ = {
			isa = PBXFrameworksBuildPhase;
			buildActionMask = 2147483647;
			files = (
			);
			runOnlyForDeploymentPostprocessing = 0;
		};
/* End PBXFrameworksBuildPhase section */

/* Begin PBXGroup section */
		240385A32AC6A08000DB2D71 /* Model */ = {
			isa = PBXGroup;
			children = (
				240385A42AC6A09600DB2D71 /* NameImageModel.swift */,
				248BD5E52ACAAA4E00C51438 /* CockteilsModel.swift */,
				2469D6212ACC1E8C004D56F2 /* Place.swift */,
				2469D6232ACC5A14004D56F2 /* CockteilList.swift */,
			);
			path = Model;
			sourceTree = "<group>";
		};
		240385AC2AC6F12900DB2D71 /* CockteilCell */ = {
			isa = PBXGroup;
			children = (
				240385A82AC6EFDD00DB2D71 /* CockteilTableViewCell.swift */,
				240385A92AC6EFDD00DB2D71 /* CockteilTableViewCell.xib */,
			);
			path = CockteilCell;
			sourceTree = "<group>";
		};
		24284B2A2AC56CE5007FB6F0 = {
			isa = PBXGroup;
			children = (
				24284B352AC56CE5007FB6F0 /* PLINCAFE */,
				24284B342AC56CE5007FB6F0 /* Products */,
			);
			sourceTree = "<group>";
		};
		24284B342AC56CE5007FB6F0 /* Products */ = {
			isa = PBXGroup;
			children = (
				24284B332AC56CE5007FB6F0 /* PLINCAFE.app */,
			);
			name = Products;
			sourceTree = "<group>";
		};
		24284B352AC56CE5007FB6F0 /* PLINCAFE */ = {
			isa = PBXGroup;
			children = (
				24284B362AC56CE5007FB6F0 /* AppDelegate.swift */,
				240385A32AC6A08000DB2D71 /* Model */,
				248BD5E72ACADD7800C51438 /* UI */,
				248BD5E42ACAA9AA00C51438 /* Helpers */,
				24284B3F2AC56CE9007FB6F0 /* Assets.xcassets */,
				24284B412AC56CE9007FB6F0 /* LaunchScreen.storyboard */,
				24284B442AC56CE9007FB6F0 /* Info.plist */,
				24284B572AC585D2007FB6F0 /* Fonts */,
			);
			path = PLINCAFE;
			sourceTree = "<group>";
		};
		24284B562AC580BC007FB6F0 /* ViewControllers */ = {
			isa = PBXGroup;
			children = (
				24284B622AC59B67007FB6F0 /* MainScreenViewController.swift */,
				24B825472AC71E7000BBCC98 /* Menu */,
				24B825482AC71E7900BBCC98 /* Cockteils */,
				24B825492AC71E8900BBCC98 /* Favorite */,
				24B8254A2AC71E9700BBCC98 /* Basket */,
				24B8254B2AC71E9F00BBCC98 /* Reservation */,
				24B8254C2AC71EA800BBCC98 /* Map */,
				24B825512AC7204D00BBCC98 /* QRCode */,
			);
			path = ViewControllers;
			sourceTree = "<group>";
		};
		24284B572AC585D2007FB6F0 /* Fonts */ = {
			isa = PBXGroup;
			children = (
				24284B582AC585EF007FB6F0 /* RacingSansOner.ttf */,
			);
			path = Fonts;
			sourceTree = "<group>";
		};
		24284B642AC59B87007FB6F0 /* CommanViews */ = {
			isa = PBXGroup;
			children = (
				240385AC2AC6F12900DB2D71 /* CockteilCell */,
			);
			path = CommanViews;
			sourceTree = "<group>";
		};
		24284B652AC59B9D007FB6F0 /* TabBar */ = {
			isa = PBXGroup;
			children = (
				24284B662AC59B9D007FB6F0 /* DSTabBar.swift */,
				24284B672AC59B9D007FB6F0 /* DSTabBarItem.swift */,
			);
			path = TabBar;
			sourceTree = "<group>";
		};
		248BD5E42ACAA9AA00C51438 /* Helpers */ = {
			isa = PBXGroup;
			children = (
				24284B4A2AC56D7E007FB6F0 /* MainRouter.swift */,
				24284B6C2AC5A4A0007FB6F0 /* UIView+UIHelpers.swift */,
			);
			path = Helpers;
			sourceTree = "<group>";
		};
		248BD5E72ACADD7800C51438 /* UI */ = {
			isa = PBXGroup;
			children = (
				248BD5E82ACADDA000C51438 /* DesignSystem */,
				24284B642AC59B87007FB6F0 /* CommanViews */,
				24284B562AC580BC007FB6F0 /* ViewControllers */,
			);
			path = UI;
			sourceTree = "<group>";
		};
		248BD5E82ACADDA000C51438 /* DesignSystem */ = {
			isa = PBXGroup;
			children = (
				24284B652AC59B9D007FB6F0 /* TabBar */,
				24284B6A2AC59BAE007FB6F0 /* DesignSystem.swift */,
			);
			path = DesignSystem;
			sourceTree = "<group>";
		};
		24B825472AC71E7000BBCC98 /* Menu */ = {
			isa = PBXGroup;
			children = (
				24284B522AC580AC007FB6F0 /* MenuViewController.swift */,
				24284B532AC580AC007FB6F0 /* MenuViewController.xib */,
			);
			path = Menu;
			sourceTree = "<group>";
		};
		24B825482AC71E7900BBCC98 /* Cockteils */ = {
			isa = PBXGroup;
			children = (
				24284B5E2AC58BD7007FB6F0 /* CocktailsViewController.swift */,
				24284B5F2AC58BD7007FB6F0 /* CocktailsViewController.xib */,
			);
			path = Cockteils;
			sourceTree = "<group>";
		};
		24B825492AC71E8900BBCC98 /* Favorite */ = {
			isa = PBXGroup;
			children = (
				24B8253B2AC71C8400BBCC98 /* FavoriteViewController.swift */,
			);
			path = Favorite;
			sourceTree = "<group>";
		};
		24B8254A2AC71E9700BBCC98 /* Basket */ = {
			isa = PBXGroup;
			children = (
				24B8253D2AC71DE400BBCC98 /* BasketViewController.swift */,
			);
			path = Basket;
			sourceTree = "<group>";
		};
		24B8254B2AC71E9F00BBCC98 /* Reservation */ = {
			isa = PBXGroup;
			children = (
				24B8253F2AC71E1E00BBCC98 /* ReservationViewController.swift */,
				24B825402AC71E1E00BBCC98 /* ReservationViewController.xib */,
				2469D61B2ACBE2C8004D56F2 /* MyReservationViewController.swift */,
				2469D61C2ACBE2C8004D56F2 /* MyReservationViewController.xib */,
			);
			path = Reservation;
			sourceTree = "<group>";
		};
		24B8254C2AC71EA800BBCC98 /* Map */ = {
			isa = PBXGroup;
			children = (
				24B825432AC71E3600BBCC98 /* MapViewController.swift */,
				24B825442AC71E3600BBCC98 /* MapViewController.xib */,
			);
			path = Map;
			sourceTree = "<group>";
		};
		24B825512AC7204D00BBCC98 /* QRCode */ = {
			isa = PBXGroup;
			children = (
				24B825562AC7286C00BBCC98 /* QrViewController.swift */,
				24B825572AC7286C00BBCC98 /* QrViewController.xib */,
			);
			path = QRCode;
			sourceTree = "<group>";
		};
/* End PBXGroup section */

/* Begin PBXNativeTarget section */
		24284B322AC56CE5007FB6F0 /* PLINCAFE */ = {
			isa = PBXNativeTarget;
			buildConfigurationList = 24284B472AC56CE9007FB6F0 /* Build configuration list for PBXNativeTarget "PLINCAFE" */;
			buildPhases = (
				24284B2F2AC56CE5007FB6F0 /* Sources */,
				24284B302AC56CE5007FB6F0 /* Frameworks */,
				24284B312AC56CE5007FB6F0 /* Resources */,
			);
			buildRules = (
			);
			dependencies = (
			);
			name = PLINCAFE;
			productName = PLINCAFE;
			productReference = 24284B332AC56CE5007FB6F0 /* PLINCAFE.app */;
			productType = "com.apple.product-type.application";
		};
/* End PBXNativeTarget section */

/* Begin PBXProject section */
		24284B2B2AC56CE5007FB6F0 /* Project object */ = {
			isa = PBXProject;
			attributes = {
				BuildIndependentTargetsInParallel = 1;
				LastSwiftUpdateCheck = 1430;
				LastUpgradeCheck = 1500;
				TargetAttributes = {
					24284B322AC56CE5007FB6F0 = {
						CreatedOnToolsVersion = 14.3.1;
					};
				};
			};
			buildConfigurationList = 24284B2E2AC56CE5007FB6F0 /* Build configuration list for PBXProject "PLINCAFE" */;
			compatibilityVersion = "Xcode 14.0";
			developmentRegion = en;
			hasScannedForEncodings = 0;
			knownRegions = (
				en,
				Base,
			);
			mainGroup = 24284B2A2AC56CE5007FB6F0;
			productRefGroup = 24284B342AC56CE5007FB6F0 /* Products */;
			projectDirPath = "";
			projectRoot = "";
			targets = (
				24284B322AC56CE5007FB6F0 /* PLINCAFE */,
			);
		};
/* End PBXProject section */

/* Begin PBXResourcesBuildPhase section */
		24284B312AC56CE5007FB6F0 /* Resources */ = {
			isa = PBXResourcesBuildPhase;
			buildActionMask = 2147483647;
			files = (
				24284B432AC56CE9007FB6F0 /* LaunchScreen.storyboard in Resources */,
				24B825422AC71E1E00BBCC98 /* ReservationViewController.xib in Resources */,
				24284B552AC580AC007FB6F0 /* MenuViewController.xib in Resources */,
				24B825462AC71E3600BBCC98 /* MapViewController.xib in Resources */,
				24284B612AC58BD7007FB6F0 /* CocktailsViewController.xib in Resources */,
				2469D61E2ACBE2C8004D56F2 /* MyReservationViewController.xib in Resources */,
				24284B402AC56CE9007FB6F0 /* Assets.xcassets in Resources */,
				24284B592AC585EF007FB6F0 /* RacingSansOner.ttf in Resources */,
				240385AB2AC6EFDD00DB2D71 /* CockteilTableViewCell.xib in Resources */,
				24B825592AC7286C00BBCC98 /* QrViewController.xib in Resources */,
			);
			runOnlyForDeploymentPostprocessing = 0;
		};
/* End PBXResourcesBuildPhase section */

/* Begin PBXSourcesBuildPhase section */
		24284B2F2AC56CE5007FB6F0 /* Sources */ = {
			isa = PBXSourcesBuildPhase;
			buildActionMask = 2147483647;
			files = (
				24284B632AC59B67007FB6F0 /* MainScreenViewController.swift in Sources */,
				2469D6222ACC1E8C004D56F2 /* Place.swift in Sources */,
				24284B602AC58BD7007FB6F0 /* CocktailsViewController.swift in Sources */,
				24B8253E2AC71DE400BBCC98 /* BasketViewController.swift in Sources */,
				24284B372AC56CE5007FB6F0 /* AppDelegate.swift in Sources */,
				248BD5E62ACAAA4E00C51438 /* CockteilsModel.swift in Sources */,
				24284B542AC580AC007FB6F0 /* MenuViewController.swift in Sources */,
				2469D6242ACC5A14004D56F2 /* CockteilList.swift in Sources */,
				24B825412AC71E1E00BBCC98 /* ReservationViewController.swift in Sources */,
				24284B6D2AC5A4A0007FB6F0 /* UIView+UIHelpers.swift in Sources */,
				24284B6B2AC59BAE007FB6F0 /* DesignSystem.swift in Sources */,
				2469D61D2ACBE2C8004D56F2 /* MyReservationViewController.swift in Sources */,
				24B825582AC7286C00BBCC98 /* QrViewController.swift in Sources */,
				24284B682AC59B9D007FB6F0 /* DSTabBar.swift in Sources */,
				24284B4B2AC56D7E007FB6F0 /* MainRouter.swift in Sources */,
				240385AA2AC6EFDD00DB2D71 /* CockteilTableViewCell.swift in Sources */,
				240385A52AC6A09600DB2D71 /* NameImageModel.swift in Sources */,
				24B8253C2AC71C8400BBCC98 /* FavoriteViewController.swift in Sources */,
				24B825452AC71E3600BBCC98 /* MapViewController.swift in Sources */,
				24284B692AC59B9D007FB6F0 /* DSTabBarItem.swift in Sources */,
			);
			runOnlyForDeploymentPostprocessing = 0;
		};
/* End PBXSourcesBuildPhase section */

/* Begin PBXVariantGroup section */
		24284B412AC56CE9007FB6F0 /* LaunchScreen.storyboard */ = {
			isa = PBXVariantGroup;
			children = (
				24284B422AC56CE9007FB6F0 /* Base */,
			);
			name = LaunchScreen.storyboard;
			sourceTree = "<group>";
		};
/* End PBXVariantGroup section */

/* Begin XCBuildConfiguration section */
		24284B452AC56CE9007FB6F0 /* Debug */ = {
			isa = XCBuildConfiguration;
			buildSettings = {
				ALWAYS_SEARCH_USER_PATHS = NO;
				CLANG_ANALYZER_NONNULL = YES;
				CLANG_ANALYZER_NUMBER_OBJECT_CONVERSION = YES_AGGRESSIVE;
				CLANG_CXX_LANGUAGE_STANDARD = "gnu++20";
				CLANG_ENABLE_MODULES = YES;
				CLANG_ENABLE_OBJC_ARC = YES;
				CLANG_ENABLE_OBJC_WEAK = YES;
				CLANG_WARN_BLOCK_CAPTURE_AUTORELEASING = YES;
				CLANG_WARN_BOOL_CONVERSION = YES;
				CLANG_WARN_COMMA = YES;
				CLANG_WARN_CONSTANT_CONVERSION = YES;
				CLANG_WARN_DEPRECATED_OBJC_IMPLEMENTATIONS = YES;
				CLANG_WARN_DIRECT_OBJC_ISA_USAGE = YES_ERROR;
				CLANG_WARN_DOCUMENTATION_COMMENTS = YES;
				CLANG_WARN_EMPTY_BODY = YES;
				CLANG_WARN_ENUM_CONVERSION = YES;
				CLANG_WARN_INFINITE_RECURSION = YES;
				CLANG_WARN_INT_CONVERSION = YES;
				CLANG_WARN_NON_LITERAL_NULL_CONVERSION = YES;
				CLANG_WARN_OBJC_IMPLICIT_RETAIN_SELF = YES;
				CLANG_WARN_OBJC_LITERAL_CONVERSION = YES;
				CLANG_WARN_OBJC_ROOT_CLASS = YES_ERROR;
				CLANG_WARN_QUOTED_INCLUDE_IN_FRAMEWORK_HEADER = YES;
				CLANG_WARN_RANGE_LOOP_ANALYSIS = YES;
				CLANG_WARN_STRICT_PROTOTYPES = YES;
				CLANG_WARN_SUSPICIOUS_MOVE = YES;
				CLANG_WARN_UNGUARDED_AVAILABILITY = YES_AGGRESSIVE;
				CLANG_WARN_UNREACHABLE_CODE = YES;
				CLANG_WARN__DUPLICATE_METHOD_MATCH = YES;
				COPY_PHASE_STRIP = NO;
				DEBUG_INFORMATION_FORMAT = dwarf;
				ENABLE_STRICT_OBJC_MSGSEND = YES;
				ENABLE_TESTABILITY = YES;
				ENABLE_USER_SCRIPT_SANDBOXING = YES;
				GCC_C_LANGUAGE_STANDARD = gnu11;
				GCC_DYNAMIC_NO_PIC = NO;
				GCC_NO_COMMON_BLOCKS = YES;
				GCC_OPTIMIZATION_LEVEL = 0;
				GCC_PREPROCESSOR_DEFINITIONS = (
					"DEBUG=1",
					"$(inherited)",
				);
				GCC_WARN_64_TO_32_BIT_CONVERSION = YES;
				GCC_WARN_ABOUT_RETURN_TYPE = YES_ERROR;
				GCC_WARN_UNDECLARED_SELECTOR = YES;
				GCC_WARN_UNINITIALIZED_AUTOS = YES_AGGRESSIVE;
				GCC_WARN_UNUSED_FUNCTION = YES;
				GCC_WARN_UNUSED_VARIABLE = YES;
				IPHONEOS_DEPLOYMENT_TARGET = 14.0;
				MTL_ENABLE_DEBUG_INFO = INCLUDE_SOURCE;
				MTL_FAST_MATH = YES;
				ONLY_ACTIVE_ARCH = YES;
				SDKROOT = iphoneos;
				SWIFT_ACTIVE_COMPILATION_CONDITIONS = DEBUG;
				SWIFT_OPTIMIZATION_LEVEL = "-Onone";
			};
			name = Debug;
		};
		24284B462AC56CE9007FB6F0 /* Release */ = {
			isa = XCBuildConfiguration;
			buildSettings = {
				ALWAYS_SEARCH_USER_PATHS = NO;
				CLANG_ANALYZER_NONNULL = YES;
				CLANG_ANALYZER_NUMBER_OBJECT_CONVERSION = YES_AGGRESSIVE;
				CLANG_CXX_LANGUAGE_STANDARD = "gnu++20";
				CLANG_ENABLE_MODULES = YES;
				CLANG_ENABLE_OBJC_ARC = YES;
				CLANG_ENABLE_OBJC_WEAK = YES;
				CLANG_WARN_BLOCK_CAPTURE_AUTORELEASING = YES;
				CLANG_WARN_BOOL_CONVERSION = YES;
				CLANG_WARN_COMMA = YES;
				CLANG_WARN_CONSTANT_CONVERSION = YES;
				CLANG_WARN_DEPRECATED_OBJC_IMPLEMENTATIONS = YES;
				CLANG_WARN_DIRECT_OBJC_ISA_USAGE = YES_ERROR;
				CLANG_WARN_DOCUMENTATION_COMMENTS = YES;
				CLANG_WARN_EMPTY_BODY = YES;
				CLANG_WARN_ENUM_CONVERSION = YES;
				CLANG_WARN_INFINITE_RECURSION = YES;
				CLANG_WARN_INT_CONVERSION = YES;
				CLANG_WARN_NON_LITERAL_NULL_CONVERSION = YES;
				CLANG_WARN_OBJC_IMPLICIT_RETAIN_SELF = YES;
				CLANG_WARN_OBJC_LITERAL_CONVERSION = YES;
				CLANG_WARN_OBJC_ROOT_CLASS = YES_ERROR;
				CLANG_WARN_QUOTED_INCLUDE_IN_FRAMEWORK_HEADER = YES;
				CLANG_WARN_RANGE_LOOP_ANALYSIS = YES;
				CLANG_WARN_STRICT_PROTOTYPES = YES;
				CLANG_WARN_SUSPICIOUS_MOVE = YES;
				CLANG_WARN_UNGUARDED_AVAILABILITY = YES_AGGRESSIVE;
				CLANG_WARN_UNREACHABLE_CODE = YES;
				CLANG_WARN__DUPLICATE_METHOD_MATCH = YES;
				COPY_PHASE_STRIP = NO;
				DEBUG_INFORMATION_FORMAT = "dwarf-with-dsym";
				ENABLE_NS_ASSERTIONS = NO;
				ENABLE_STRICT_OBJC_MSGSEND = YES;
				ENABLE_USER_SCRIPT_SANDBOXING = YES;
				GCC_C_LANGUAGE_STANDARD = gnu11;
				GCC_NO_COMMON_BLOCKS = YES;
				GCC_WARN_64_TO_32_BIT_CONVERSION = YES;
				GCC_WARN_ABOUT_RETURN_TYPE = YES_ERROR;
				GCC_WARN_UNDECLARED_SELECTOR = YES;
				GCC_WARN_UNINITIALIZED_AUTOS = YES_AGGRESSIVE;
				GCC_WARN_UNUSED_FUNCTION = YES;
				GCC_WARN_UNUSED_VARIABLE = YES;
				IPHONEOS_DEPLOYMENT_TARGET = 14.0;
				MTL_ENABLE_DEBUG_INFO = NO;
				MTL_FAST_MATH = YES;
				SDKROOT = iphoneos;
				SWIFT_COMPILATION_MODE = wholemodule;
				SWIFT_OPTIMIZATION_LEVEL = "-O";
				VALIDATE_PRODUCT = YES;
			};
			name = Release;
		};
		24284B482AC56CE9007FB6F0 /* Debug */ = {
			isa = XCBuildConfiguration;
			buildSettings = {
				ASSETCATALOG_COMPILER_APPICON_NAME = AppIcon;
				ASSETCATALOG_COMPILER_GLOBAL_ACCENT_COLOR_NAME = AccentColor;
				CODE_SIGN_STYLE = Automatic;
				CURRENT_PROJECT_VERSION = 1;
				DEVELOPMENT_TEAM = RPSARM5WXZ;
				GENERATE_INFOPLIST_FILE = YES;
				INFOPLIST_FILE = PLINCAFE/Info.plist;
				INFOPLIST_KEY_UIApplicationSupportsIndirectInputEvents = YES;
				INFOPLIST_KEY_UILaunchStoryboardName = LaunchScreen;
				INFOPLIST_KEY_UISupportedInterfaceOrientations = UIInterfaceOrientationPortrait;
				INFOPLIST_KEY_UISupportedInterfaceOrientations_iPad = "UIInterfaceOrientationLandscapeLeft UIInterfaceOrientationLandscapeRight UIInterfaceOrientationPortrait UIInterfaceOrientationPortraitUpsideDown";
				IPHONEOS_DEPLOYMENT_TARGET = 14.0;
				LD_RUNPATH_SEARCH_PATHS = (
					"$(inherited)",
					"@executable_path/Frameworks",
				);
				MARKETING_VERSION = 1.0;
				PRODUCT_BUNDLE_IDENTIFIER = com.galiev.PLINCAFE;
				PRODUCT_NAME = "$(TARGET_NAME)";
				SUPPORTED_PLATFORMS = "iphoneos iphonesimulator";
				SUPPORTS_MACCATALYST = NO;
				SUPPORTS_MAC_DESIGNED_FOR_IPHONE_IPAD = YES;
				SWIFT_EMIT_LOC_STRINGS = YES;
				SWIFT_VERSION = 5.0;
				TARGETED_DEVICE_FAMILY = 1;
			};
			name = Debug;
		};
		24284B492AC56CE9007FB6F0 /* Release */ = {
			isa = XCBuildConfiguration;
			buildSettings = {
				ASSETCATALOG_COMPILER_APPICON_NAME = AppIcon;
				ASSETCATALOG_COMPILER_GLOBAL_ACCENT_COLOR_NAME = AccentColor;
				CODE_SIGN_STYLE = Automatic;
				CURRENT_PROJECT_VERSION = 1;
				DEVELOPMENT_TEAM = RPSARM5WXZ;
				GENERATE_INFOPLIST_FILE = YES;
				INFOPLIST_FILE = PLINCAFE/Info.plist;
				INFOPLIST_KEY_UIApplicationSupportsIndirectInputEvents = YES;
				INFOPLIST_KEY_UILaunchStoryboardName = LaunchScreen;
				INFOPLIST_KEY_UISupportedInterfaceOrientations = UIInterfaceOrientationPortrait;
				INFOPLIST_KEY_UISupportedInterfaceOrientations_iPad = "UIInterfaceOrientationLandscapeLeft UIInterfaceOrientationLandscapeRight UIInterfaceOrientationPortrait UIInterfaceOrientationPortraitUpsideDown";
				IPHONEOS_DEPLOYMENT_TARGET = 14.0;
				LD_RUNPATH_SEARCH_PATHS = (
					"$(inherited)",
					"@executable_path/Frameworks",
				);
				MARKETING_VERSION = 1.0;
				PRODUCT_BUNDLE_IDENTIFIER = com.galiev.PLINCAFE;
				PRODUCT_NAME = "$(TARGET_NAME)";
				SUPPORTED_PLATFORMS = "iphoneos iphonesimulator";
				SUPPORTS_MACCATALYST = NO;
				SUPPORTS_MAC_DESIGNED_FOR_IPHONE_IPAD = YES;
				SWIFT_EMIT_LOC_STRINGS = YES;
				SWIFT_VERSION = 5.0;
				TARGETED_DEVICE_FAMILY = 1;
			};
			name = Release;
		};
/* End XCBuildConfiguration section */

/* Begin XCConfigurationList section */
		24284B2E2AC56CE5007FB6F0 /* Build configuration list for PBXProject "PLINCAFE" */ = {
			isa = XCConfigurationList;
			buildConfigurations = (
				24284B452AC56CE9007FB6F0 /* Debug */,
				24284B462AC56CE9007FB6F0 /* Release */,
			);
			defaultConfigurationIsVisible = 0;
			defaultConfigurationName = Release;
		};
		24284B472AC56CE9007FB6F0 /* Build configuration list for PBXNativeTarget "PLINCAFE" */ = {
			isa = XCConfigurationList;
			buildConfigurations = (
				24284B482AC56CE9007FB6F0 /* Debug */,
				24284B492AC56CE9007FB6F0 /* Release */,
			);
			defaultConfigurationIsVisible = 0;
			defaultConfigurationName = Release;
		};
/* End XCConfigurationList section */
	};
	rootObject = 24284B2B2AC56CE5007FB6F0 /* Project object */;
}
